
Microsoft Visual Studio Solution File, Format Version 12.00
# Visual Studio Version 17
VisualStudioVersion = 17.13.35828.75
MinimumVisualStudioVersion = 10.0.40219.1
Project("{FAE04EC0-301F-11D3-BF4B-00C04F79EFBC}") = "DistLearn", "DistLearn\DistLearn.csproj", "{4F8A8D40-4244-4F03-B7E9-2DFD376C0FA3}"
EndProject
Project("{FAE04EC0-301F-11D3-BF4B-00C04F79EFBC}") = "DistLearn.Tests", "DistLearn.Tests\DistLearn.Tests.csproj", "{E1AF762A-8900-4991-8A63-467FBA2DA58E}"
EndProject
Project("{FAE04EC0-301F-11D3-BF4B-00C04F79EFBC}") = "DistLearn.WPF", "DistLearn.WPF\DistLearn.WPF.csproj", "{6E35BB49-B967-4362-B00B-F9017280DD02}"
EndProject
Global
	GlobalSection(SolutionConfigurationPlatforms) = preSolution
		Debug|Any CPU = Debug|Any CPU
		Release|Any CPU = Release|Any CPU
	EndGlobalSection
	GlobalSection(ProjectConfigurationPlatforms) = postSolution
		{4F8A8D40-4244-4F03-B7E9-2DFD376C0FA3}.Debug|Any CPU.ActiveCfg = Debug|Any CPU
		{4F8A8D40-4244-4F03-B7E9-2DFD376C0FA3}.Debug|Any CPU.Build.0 = Debug|Any CPU
		{4F8A8D40-4244-4F03-B7E9-2DFD376C0FA3}.Release|Any CPU.ActiveCfg = Release|Any CPU
		{4F8A8D40-4244-4F03-B7E9-2DFD376C0FA3}.Release|Any CPU.Build.0 = Release|Any CPU
		{E1AF762A-8900-4991-8A63-467FBA2DA58E}.Debug|Any CPU.ActiveCfg = Debug|Any CPU
		{E1AF762A-8900-4991-8A63-467FBA2DA58E}.Debug|Any CPU.Build.0 = Debug|Any CPU
		{E1AF762A-8900-4991-8A63-467FBA2DA58E}.Release|Any CPU.ActiveCfg = Release|Any CPU
		{E1AF762A-8900-4991-8A63-467FBA2DA58E}.Release|Any CPU.Build.0 = Release|Any CPU
		{6E35BB49-B967-4362-B00B-F9017280DD02}.Debug|Any CPU.ActiveCfg = Debug|Any CPU
		{6E35BB49-B967-4362-B00B-F9017280DD02}.Debug|Any CPU.Build.0 = Debug|Any CPU
		{6E35BB49-B967-4362-B00B-F9017280DD02}.Release|Any CPU.ActiveCfg = Release|Any CPU
		{6E35BB49-B967-4362-B00B-F9017280DD02}.Release|Any CPU.Build.0 = Release|Any CPU
	EndGlobalSection
	GlobalSection(SolutionProperties) = preSolution
		HideSolutionNode = FALSE
	EndGlobalSection
	GlobalSection(ExtensibilityGlobals) = postSolution
		SolutionGuid = {A783028A-56D4-484F-80C9-549CF2DC8FC0}
	EndGlobalSection
EndGlobal
